// !$*UTF8*$!
{
	archiveVersion = 1;
	classes = {
	};
	objectVersion = 50;
	objects = {

/* Begin PBXBuildFile section */
		A763D25220D2461000D20037 /* bg01.jpeg in Resources */ = {isa = PBXBuildFile; fileRef = A763D25120D2461000D20037 /* bg01.jpeg */; };
		A763D25420D2461E00D20037 /* bg02.jpeg in Resources */ = {isa = PBXBuildFile; fileRef = A763D25320D2461E00D20037 /* bg02.jpeg */; };
		B91078EA20A022D600057300 /* AppDelegate.m in Sources */ = {isa = PBXBuildFile; fileRef = B91078E920A022D600057300 /* AppDelegate.m */; };
		B91078ED20A022D600057300 /* loginViewController.m in Sources */ = {isa = PBXBuildFile; fileRef = B91078EC20A022D600057300 /* loginViewController.m */; };
		B91078F220A022D800057300 /* Assets.xcassets in Resources */ = {isa = PBXBuildFile; fileRef = B91078F120A022D800057300 /* Assets.xcassets */; };
		B91078F520A022D800057300 /* LaunchScreen.storyboard in Resources */ = {isa = PBXBuildFile; fileRef = B91078F320A022D800057300 /* LaunchScreen.storyboard */; };
		B91078F820A022D800057300 /* main.m in Sources */ = {isa = PBXBuildFile; fileRef = B91078F720A022D800057300 /* main.m */; };
		B910790220A022D800057300 /* LiYangDemoTests.m in Sources */ = {isa = PBXBuildFile; fileRef = B910790120A022D800057300 /* LiYangDemoTests.m */; };
		B910790D20A022D800057300 /* LiYangDemoUITests.m in Sources */ = {isa = PBXBuildFile; fileRef = B910790C20A022D800057300 /* LiYangDemoUITests.m */; };
		B910792220A03A5300057300 /* loginViewController.xib in Resources */ = {isa = PBXBuildFile; fileRef = B910792120A03A5300057300 /* loginViewController.xib */; };
		B910792420A042D200057300 /* BaoBiaoTableViewController.xib in Resources */ = {isa = PBXBuildFile; fileRef = B910792320A042D200057300 /* BaoBiaoTableViewController.xib */; };
		B910792720A042FD00057300 /* BaoBiaoTableViewController.m in Sources */ = {isa = PBXBuildFile; fileRef = B910792620A042FD00057300 /* BaoBiaoTableViewController.m */; };
		B910792A20A0436400057300 /* checkListViewController.m in Sources */ = {isa = PBXBuildFile; fileRef = B910792920A0436400057300 /* checkListViewController.m */; };
		B910792C20A0437200057300 /* checkListViewController.xib in Resources */ = {isa = PBXBuildFile; fileRef = B910792B20A0437200057300 /* checkListViewController.xib */; };
		B910792F20A04BBF00057300 /* ListWebViewController.m in Sources */ = {isa = PBXBuildFile; fileRef = B910792E20A04BBF00057300 /* ListWebViewController.m */; };
/* End PBXBuildFile section */

/* Begin PBXContainerItemProxy section */
		B91078FE20A022D800057300 /* PBXContainerItemProxy */ = {
			isa = PBXContainerItemProxy;
			containerPortal = B91078DD20A022D600057300 /* Project object */;
			proxyType = 1;
			remoteGlobalIDString = B91078E420A022D600057300;
			remoteInfo = LiYangDemo;
		};
		B910790920A022D800057300 /* PBXContainerItemProxy */ = {
			isa = PBXContainerItemProxy;
			containerPortal = B91078DD20A022D600057300 /* Project object */;
			proxyType = 1;
			remoteGlobalIDString = B91078E420A022D600057300;
			remoteInfo = LiYangDemo;
		};
/* End PBXContainerItemProxy section */

/* Begin PBXFileReference section */
		A763D25120D2461000D20037 /* bg01.jpeg */ = {isa = PBXFileReference; lastKnownFileType = image.jpeg; path = bg01.jpeg; sourceTree = "<group>"; };
		A763D25320D2461E00D20037 /* bg02.jpeg */ = {isa = PBXFileReference; lastKnownFileType = image.jpeg; path = bg02.jpeg; sourceTree = "<group>"; };
		B91078E520A022D600057300 /* LiYangDemo.app */ = {isa = PBXFileReference; explicitFileType = wrapper.application; includeInIndex = 0; path = LiYangDemo.app; sourceTree = BUILT_PRODUCTS_DIR; };
		B91078E820A022D600057300 /* AppDelegate.h */ = {isa = PBXFileReference; lastKnownFileType = sourcecode.c.h; path = AppDelegate.h; sourceTree = "<group>"; };
		B91078E920A022D600057300 /* AppDelegate.m */ = {isa = PBXFileReference; lastKnownFileType = sourcecode.c.objc; path = AppDelegate.m; sourceTree = "<group>"; };
		B91078EB20A022D600057300 /* loginViewController.h */ = {isa = PBXFileReference; lastKnownFileType = sourcecode.c.h; path = loginViewController.h; sourceTree = "<group>"; };
		B91078EC20A022D600057300 /* loginViewController.m */ = {isa = PBXFileReference; lastKnownFileType = sourcecode.c.objc; path = loginViewController.m; sourceTree = "<group>"; };
		B91078F120A022D800057300 /* Assets.xcassets */ = {isa = PBXFileReference; lastKnownFileType = folder.assetcatalog; path = Assets.xcassets; sourceTree = "<group>"; };
		B91078F420A022D800057300 /* Base */ = {isa = PBXFileReference; lastKnownFileType = file.storyboard; name = Base; path = Base.lproj/LaunchScreen.storyboard; sourceTree = "<group>"; };
		B91078F620A022D800057300 /* Info.plist */ = {isa = PBXFileReference; lastKnownFileType = text.plist.xml; path = Info.plist; sourceTree = "<group>"; };
		B91078F720A022D800057300 /* main.m */ = {isa = PBXFileReference; lastKnownFileType = sourcecode.c.objc; path = main.m; sourceTree = "<group>"; };
		B91078FD20A022D800057300 /* LiYangDemoTests.xctest */ = {isa = PBXFileReference; explicitFileType = wrapper.cfbundle; includeInIndex = 0; path = LiYangDemoTests.xctest; sourceTree = BUILT_PRODUCTS_DIR; };
		B910790120A022D800057300 /* LiYangDemoTests.m */ = {isa = PBXFileReference; lastKnownFileType = sourcecode.c.objc; path = LiYangDemoTests.m; sourceTree = "<group>"; };
		B910790320A022D800057300 /* Info.plist */ = {isa = PBXFileReference; lastKnownFileType = text.plist.xml; path = Info.plist; sourceTree = "<group>"; };
		B910790820A022D800057300 /* LiYangDemoUITests.xctest */ = {isa = PBXFileReference; explicitFileType = wrapper.cfbundle; includeInIndex = 0; path = LiYangDemoUITests.xctest; sourceTree = BUILT_PRODUCTS_DIR; };
		B910790C20A022D800057300 /* LiYangDemoUITests.m */ = {isa = PBXFileReference; lastKnownFileType = sourcecode.c.objc; path = LiYangDemoUITests.m; sourceTree = "<group>"; };
		B910790E20A022D800057300 /* Info.plist */ = {isa = PBXFileReference; lastKnownFileType = text.plist.xml; path = Info.plist; sourceTree = "<group>"; };
		B910792120A03A5300057300 /* loginViewController.xib */ = {isa = PBXFileReference; lastKnownFileType = file.xib; path = loginViewController.xib; sourceTree = "<group>"; };
		B910792320A042D200057300 /* BaoBiaoTableViewController.xib */ = {isa = PBXFileReference; lastKnownFileType = file.xib; path = BaoBiaoTableViewController.xib; sourceTree = "<group>"; };
		B910792520A042FD00057300 /* BaoBiaoTableViewController.h */ = {isa = PBXFileReference; lastKnownFileType = sourcecode.c.h; path = BaoBiaoTableViewController.h; sourceTree = "<group>"; };
		B910792620A042FD00057300 /* BaoBiaoTableViewController.m */ = {isa = PBXFileReference; lastKnownFileType = sourcecode.c.objc; path = BaoBiaoTableViewController.m; sourceTree = "<group>"; };
		B910792820A0436400057300 /* checkListViewController.h */ = {isa = PBXFileReference; lastKnownFileType = sourcecode.c.h; path = checkListViewController.h; sourceTree = "<group>"; };
		B910792920A0436400057300 /* checkListViewController.m */ = {isa = PBXFileReference; lastKnownFileType = sourcecode.c.objc; path = checkListViewController.m; sourceTree = "<group>"; };
		B910792B20A0437200057300 /* checkListViewController.xib */ = {isa = PBXFileReference; lastKnownFileType = file.xib; path = checkListViewController.xib; sourceTree = "<group>"; };
		B910792D20A04BBF00057300 /* ListWebViewController.h */ = {isa = PBXFileReference; lastKnownFileType = sourcecode.c.h; path = ListWebViewController.h; sourceTree = "<group>"; };
		B910792E20A04BBF00057300 /* ListWebViewController.m */ = {isa = PBXFileReference; lastKnownFileType = sourcecode.c.objc; path = ListWebViewController.m; sourceTree = "<group>"; };
/* End PBXFileReference section */

/* Begin PBXFrameworksBuildPhase section */
		B91078E220A022D600057300 /* Frameworks */ = {
			isa = PBXFrameworksBuildPhase;
			buildActionMask = 2147483647;
			files = (
			);
			runOnlyForDeploymentPostprocessing = 0;
		};
		B91078FA20A022D800057300 /* Frameworks */ = {
			isa = PBXFrameworksBuildPhase;
			buildActionMask = 2147483647;
			files = (
			);
			runOnlyForDeploymentPostprocessing = 0;
		};
		B910790520A022D800057300 /* Frameworks */ = {
			isa = PBXFrameworksBuildPhase;
			buildActionMask = 2147483647;
			files = (
			);
			runOnlyForDeploymentPostprocessing = 0;
		};
/* End PBXFrameworksBuildPhase section */

/* Begin PBXGroup section */
		B91078DC20A022D600057300 = {
			isa = PBXGroup;
			children = (
				B91078E720A022D600057300 /* LiYangDemo */,
				B910790020A022D800057300 /* LiYangDemoTests */,
				B910790B20A022D800057300 /* LiYangDemoUITests */,
				B91078E620A022D600057300 /* Products */,
			);
			sourceTree = "<group>";
		};
		B91078E620A022D600057300 /* Products */ = {
			isa = PBXGroup;
			children = (
				B91078E520A022D600057300 /* LiYangDemo.app */,
				B91078FD20A022D800057300 /* LiYangDemoTests.xctest */,
				B910790820A022D800057300 /* LiYangDemoUITests.xctest */,
			);
			name = Products;
			sourceTree = "<group>";
		};
		B91078E720A022D600057300 /* LiYangDemo */ = {
			isa = PBXGroup;
			children = (
				B91078E820A022D600057300 /* AppDelegate.h */,
				B91078E920A022D600057300 /* AppDelegate.m */,
				B91078EB20A022D600057300 /* loginViewController.h */,
				B91078EC20A022D600057300 /* loginViewController.m */,
				B910792120A03A5300057300 /* loginViewController.xib */,
				B910792520A042FD00057300 /* BaoBiaoTableViewController.h */,
				B910792620A042FD00057300 /* BaoBiaoTableViewController.m */,
				B910792320A042D200057300 /* BaoBiaoTableViewController.xib */,
				B910792820A0436400057300 /* checkListViewController.h */,
				B910792920A0436400057300 /* checkListViewController.m */,
				B910792B20A0437200057300 /* checkListViewController.xib */,
				B910792D20A04BBF00057300 /* ListWebViewController.h */,
				B910792E20A04BBF00057300 /* ListWebViewController.m */,
				B91078F120A022D800057300 /* Assets.xcassets */,
				B91078F320A022D800057300 /* LaunchScreen.storyboard */,
				A763D25120D2461000D20037 /* bg01.jpeg */,
				A763D25320D2461E00D20037 /* bg02.jpeg */,
				B91078F620A022D800057300 /* Info.plist */,
				B91078F720A022D800057300 /* main.m */,
			);
			path = LiYangDemo;
			sourceTree = "<group>";
		};
		B910790020A022D800057300 /* LiYangDemoTests */ = {
			isa = PBXGroup;
			children = (
				B910790120A022D800057300 /* LiYangDemoTests.m */,
				B910790320A022D800057300 /* Info.plist */,
			);
			path = LiYangDemoTests;
			sourceTree = "<group>";
		};
		B910790B20A022D800057300 /* LiYangDemoUITests */ = {
			isa = PBXGroup;
			children = (
				B910790C20A022D800057300 /* LiYangDemoUITests.m */,
				B910790E20A022D800057300 /* Info.plist */,
			);
			path = LiYangDemoUITests;
			sourceTree = "<group>";
		};
/* End PBXGroup section */

/* Begin PBXNativeTarget section */
		B91078E420A022D600057300 /* LiYangDemo */ = {
			isa = PBXNativeTarget;
			buildConfigurationList = B910791120A022D800057300 /* Build configuration list for PBXNativeTarget "LiYangDemo" */;
			buildPhases = (
				B91078E120A022D600057300 /* Sources */,
				B91078E220A022D600057300 /* Frameworks */,
				B91078E320A022D600057300 /* Resources */,
			);
			buildRules = (
			);
			dependencies = (
			);
			name = LiYangDemo;
			productName = LiYangDemo;
			productReference = B91078E520A022D600057300 /* LiYangDemo.app */;
			productType = "com.apple.product-type.application";
		};
		B91078FC20A022D800057300 /* LiYangDemoTests */ = {
			isa = PBXNativeTarget;
			buildConfigurationList = B910791420A022D800057300 /* Build configuration list for PBXNativeTarget "LiYangDemoTests" */;
			buildPhases = (
				B91078F920A022D800057300 /* Sources */,
				B91078FA20A022D800057300 /* Frameworks */,
				B91078FB20A022D800057300 /* Resources */,
			);
			buildRules = (
			);
			dependencies = (
				B91078FF20A022D800057300 /* PBXTargetDependency */,
			);
			name = LiYangDemoTests;
			productName = LiYangDemoTests;
			productReference = B91078FD20A022D800057300 /* LiYangDemoTests.xctest */;
			productType = "com.apple.product-type.bundle.unit-test";
		};
		B910790720A022D800057300 /* LiYangDemoUITests */ = {
			isa = PBXNativeTarget;
			buildConfigurationList = B910791720A022D800057300 /* Build configuration list for PBXNativeTarget "LiYangDemoUITests" */;
			buildPhases = (
				B910790420A022D800057300 /* Sources */,
				B910790520A022D800057300 /* Frameworks */,
				B910790620A022D800057300 /* Resources */,
			);
			buildRules = (
			);
			dependencies = (
				B910790A20A022D800057300 /* PBXTargetDependency */,
			);
			name = LiYangDemoUITests;
			productName = LiYangDemoUITests;
			productReference = B910790820A022D800057300 /* LiYangDemoUITests.xctest */;
			productType = "com.apple.product-type.bundle.ui-testing";
		};
/* End PBXNativeTarget section */

/* Begin PBXProject section */
		B91078DD20A022D600057300 /* Project object */ = {
			isa = PBXProject;
			attributes = {
				LastUpgradeCheck = 0930;
				ORGANIZATIONNAME = zztzt;
				TargetAttributes = {
					B91078E420A022D600057300 = {
						CreatedOnToolsVersion = 9.3;
					};
					B91078FC20A022D800057300 = {
						CreatedOnToolsVersion = 9.3;
						TestTargetID = B91078E420A022D600057300;
					};
					B910790720A022D800057300 = {
						CreatedOnToolsVersion = 9.3;
						TestTargetID = B91078E420A022D600057300;
					};
				};
			};
			buildConfigurationList = B91078E020A022D600057300 /* Build configuration list for PBXProject "LiYangDemo" */;
			compatibilityVersion = "Xcode 9.3";
			developmentRegion = en;
			hasScannedForEncodings = 0;
			knownRegions = (
				en,
				Base,
			);
			mainGroup = B91078DC20A022D600057300;
			productRefGroup = B91078E620A022D600057300 /* Products */;
			projectDirPath = "";
			projectRoot = "";
			targets = (
				B91078E420A022D600057300 /* LiYangDemo */,
				B91078FC20A022D800057300 /* LiYangDemoTests */,
				B910790720A022D800057300 /* LiYangDemoUITests */,
			);
		};
/* End PBXProject section */

/* Begin PBXResourcesBuildPhase section */
		B91078E320A022D600057300 /* Resources */ = {
			isa = PBXResourcesBuildPhase;
			buildActionMask = 2147483647;
			files = (
				B910792C20A0437200057300 /* checkListViewController.xib in Resources */,
				B910792220A03A5300057300 /* loginViewController.xib in Resources */,
				B91078F520A022D800057300 /* LaunchScreen.storyboard in Resources */,
				A763D25220D2461000D20037 /* bg01.jpeg in Resources */,
				B91078F220A022D800057300 /* Assets.xcassets in Resources */,
				A763D25420D2461E00D20037 /* bg02.jpeg in Resources */,
				B910792420A042D200057300 /* BaoBiaoTableViewController.xib in Resources */,
			);
			runOnlyForDeploymentPostprocessing = 0;
		};
		B91078FB20A022D800057300 /* Resources */ = {
			isa = PBXResourcesBuildPhase;
			buildActionMask = 2147483647;
			files = (
			);
			runOnlyForDeploymentPostprocessing = 0;
		};
		B910790620A022D800057300 /* Resources */ = {
			isa = PBXResourcesBuildPhase;
			buildActionMask = 2147483647;
			files = (
			);
			runOnlyForDeploymentPostprocessing = 0;
		};
/* End PBXResourcesBuildPhase section */

/* Begin PBXSourcesBuildPhase section */
		B91078E120A022D600057300 /* Sources */ = {
			isa = PBXSourcesBuildPhase;
			buildActionMask = 2147483647;
			files = (
				B91078ED20A022D600057300 /* loginViewController.m in Sources */,
				B910792A20A0436400057300 /* checkListViewController.m in Sources */,
				B91078F820A022D800057300 /* main.m in Sources */,
				B91078EA20A022D600057300 /* AppDelegate.m in Sources */,
				B910792720A042FD00057300 /* BaoBiaoTableViewController.m in Sources */,
				B910792F20A04BBF00057300 /* ListWebViewController.m in Sources */,
			);
			runOnlyForDeploymentPostprocessing = 0;
		};
		B91078F920A022D800057300 /* Sources */ = {
			isa = PBXSourcesBuildPhase;
			buildActionMask = 2147483647;
			files = (
				B910790220A022D800057300 /* LiYangDemoTests.m in Sources */,
			);
			runOnlyForDeploymentPostprocessing = 0;
		};
		B910790420A022D800057300 /* Sources */ = {
			isa = PBXSourcesBuildPhase;
			buildActionMask = 2147483647;
			files = (
				B910790D20A022D800057300 /* LiYangDemoUITests.m in Sources */,
			);
			runOnlyForDeploymentPostprocessing = 0;
		};
/* End PBXSourcesBuildPhase section */

/* Begin PBXTargetDependency section */
		B91078FF20A022D800057300 /* PBXTargetDependency */ = {
			isa = PBXTargetDependency;
			target = B91078E420A022D600057300 /* LiYangDemo */;
			targetProxy = B91078FE20A022D800057300 /* PBXContainerItemProxy */;
		};
		B910790A20A022D800057300 /* PBXTargetDependency */ = {
			isa = PBXTargetDependency;
			target = B91078E420A022D600057300 /* LiYangDemo */;
			targetProxy = B910790920A022D800057300 /* PBXContainerItemProxy */;
		};
/* End PBXTargetDependency section */

/* Begin PBXVariantGroup section */
		B91078F320A022D800057300 /* LaunchScreen.storyboard */ = {
			isa = PBXVariantGroup;
			children = (
				B91078F420A022D800057300 /* Base */,
			);
			name = LaunchScreen.storyboard;
			sourceTree = "<group>";
		};
/* End PBXVariantGroup section */

/* Begin XCBuildConfiguration section */
		B910790F20A022D800057300 /* Debug */ = {
			isa = XCBuildConfiguration;
			buildSettings = {
				ALWAYS_SEARCH_USER_PATHS = NO;
				CLANG_ANALYZER_NONNULL = YES;
				CLANG_ANALYZER_NUMBER_OBJECT_CONVERSION = YES_AGGRESSIVE;
				CLANG_CXX_LANGUAGE_STANDARD = "gnu++14";
				CLANG_CXX_LIBRARY = "libc++";
				CLANG_ENABLE_MODULES = YES;
				CLANG_ENABLE_OBJC_ARC = YES;
				CLANG_ENABLE_OBJC_WEAK = YES;
				CLANG_WARN_BLOCK_CAPTURE_AUTORELEASING = YES;
				CLANG_WARN_BOOL_CONVERSION = YES;
				CLANG_WARN_COMMA = YES;
				CLANG_WARN_CONSTANT_CONVERSION = YES;
				CLANG_WARN_DEPRECATED_OBJC_IMPLEMENTATIONS = YES;
				CLANG_WARN_DIRECT_OBJC_ISA_USAGE = YES_ERROR;
				CLANG_WARN_DOCUMENTATION_COMMENTS = YES;
				CLANG_WARN_EMPTY_BODY = YES;
				CLANG_WARN_ENUM_CONVERSION = YES;
				CLANG_WARN_INFINITE_RECURSION = YES;
				CLANG_WARN_INT_CONVERSION = YES;
				CLANG_WARN_NON_LITERAL_NULL_CONVERSION = YES;
				CLANG_WARN_OBJC_IMPLICIT_RETAIN_SELF = YES;
				CLANG_WARN_OBJC_LITERAL_CONVERSION = YES;
				CLANG_WARN_OBJC_ROOT_CLASS = YES_ERROR;
				CLANG_WARN_RANGE_LOOP_ANALYSIS = YES;
				CLANG_WARN_STRICT_PROTOTYPES = YES;
				CLANG_WARN_SUSPICIOUS_MOVE = YES;
				CLANG_WARN_UNGUARDED_AVAILABILITY = YES_AGGRESSIVE;
				CLANG_WARN_UNREACHABLE_CODE = YES;
				CLANG_WARN__DUPLICATE_METHOD_MATCH = YES;
				CODE_SIGN_IDENTITY = "iPhone Developer";
				COPY_PHASE_STRIP = NO;
				DEBUG_INFORMATION_FORMAT = dwarf;
				ENABLE_STRICT_OBJC_MSGSEND = YES;
				ENABLE_TESTABILITY = YES;
				GCC_C_LANGUAGE_STANDARD = gnu11;
				GCC_DYNAMIC_NO_PIC = NO;
				GCC_NO_COMMON_BLOCKS = YES;
				GCC_OPTIMIZATION_LEVEL = 0;
				GCC_PREPROCESSOR_DEFINITIONS = (
					"DEBUG=1",
					"$(inherited)",
				);
				GCC_WARN_64_TO_32_BIT_CONVERSION = YES;
				GCC_WARN_ABOUT_RETURN_TYPE = YES_ERROR;
				GCC_WARN_UNDECLARED_SELECTOR = YES;
				GCC_WARN_UNINITIALIZED_AUTOS = YES_AGGRESSIVE;
				GCC_WARN_UNUSED_FUNCTION = YES;
				GCC_WARN_UNUSED_VARIABLE = YES;
				IPHONEOS_DEPLOYMENT_TARGET = 11.3;
				MTL_ENABLE_DEBUG_INFO = YES;
				ONLY_ACTIVE_ARCH = YES;
				SDKROOT = iphoneos;
			};
			name = Debug;
		};
		B910791020A022D800057300 /* Release */ = {
			isa = XCBuildConfiguration;
			buildSettings = {
				ALWAYS_SEARCH_USER_PATHS = NO;
				CLANG_ANALYZER_NONNULL = YES;
				CLANG_ANALYZER_NUMBER_OBJECT_CONVERSION = YES_AGGRESSIVE;
				CLANG_CXX_LANGUAGE_STANDARD = "gnu++14";
				CLANG_CXX_LIBRARY = "libc++";
				CLANG_ENABLE_MODULES = YES;
				CLANG_ENABLE_OBJC_ARC = YES;
				CLANG_ENABLE_OBJC_WEAK = YES;
				CLANG_WARN_BLOCK_CAPTURE_AUTORELEASING = YES;
				CLANG_WARN_BOOL_CONVERSION = YES;
				CLANG_WARN_COMMA = YES;
				CLANG_WARN_CONSTANT_CONVERSION = YES;
				CLANG_WARN_DEPRECATED_OBJC_IMPLEMENTATIONS = YES;
				CLANG_WARN_DIRECT_OBJC_ISA_USAGE = YES_ERROR;
				CLANG_WARN_DOCUMENTATION_COMMENTS = YES;
				CLANG_WARN_EMPTY_BODY = YES;
				CLANG_WARN_ENUM_CONVERSION = YES;
				CLANG_WARN_INFINITE_RECURSION = YES;
				CLANG_WARN_INT_CONVERSION = YES;
				CLANG_WARN_NON_LITERAL_NULL_CONVERSION = YES;
				CLANG_WARN_OBJC_IMPLICIT_RETAIN_SELF = YES;
				CLANG_WARN_OBJC_LITERAL_CONVERSION = YES;
				CLANG_WARN_OBJC_ROOT_CLASS = YES_ERROR;
				CLANG_WARN_RANGE_LOOP_ANALYSIS = YES;
				CLANG_WARN_STRICT_PROTOTYPES = YES;
				CLANG_WARN_SUSPICIOUS_MOVE = YES;
				CLANG_WARN_UNGUARDED_AVAILABILITY = YES_AGGRESSIVE;
				CLANG_WARN_UNREACHABLE_CODE = YES;
				CLANG_WARN__DUPLICATE_METHOD_MATCH = YES;
				CODE_SIGN_IDENTITY = "iPhone Developer";
				COPY_PHASE_STRIP = NO;
				DEBUG_INFORMATION_FORMAT = "dwarf-with-dsym";
				ENABLE_NS_ASSERTIONS = NO;
				ENABLE_STRICT_OBJC_MSGSEND = YES;
				GCC_C_LANGUAGE_STANDARD = gnu11;
				GCC_NO_COMMON_BLOCKS = YES;
				GCC_WARN_64_TO_32_BIT_CONVERSION = YES;
				GCC_WARN_ABOUT_RETURN_TYPE = YES_ERROR;
				GCC_WARN_UNDECLARED_SELECTOR = YES;
				GCC_WARN_UNINITIALIZED_AUTOS = YES_AGGRESSIVE;
				GCC_WARN_UNUSED_FUNCTION = YES;
				GCC_WARN_UNUSED_VARIABLE = YES;
				IPHONEOS_DEPLOYMENT_TARGET = 11.3;
				MTL_ENABLE_DEBUG_INFO = NO;
				SDKROOT = iphoneos;
				VALIDATE_PRODUCT = YES;
			};
			name = Release;
		};
		B910791220A022D800057300 /* Debug */ = {
			isa = XCBuildConfiguration;
			buildSettings = {
				ASSETCATALOG_COMPILER_APPICON_NAME = AppIcon;
				CODE_SIGN_STYLE = Automatic;
				DEVELOPMENT_TEAM = 7YGY6K636P;
				INFOPLIST_FILE = LiYangDemo/Info.plist;
				LD_RUNPATH_SEARCH_PATHS = (
					"$(inherited)",
					"@executable_path/Frameworks",
				);
				PRODUCT_BUNDLE_IDENTIFIER = com.zxsc.LiYangDemo;
				PRODUCT_NAME = "$(TARGET_NAME)";
				TARGETED_DEVICE_FAMILY = "1,2";
			};
			name = Debug;
		};
		B910791320A022D800057300 /* Release */ = {
			isa = XCBuildConfiguration;
			buildSettings = {
				ASSETCATALOG_COMPILER_APPICON_NAME = AppIcon;
				CODE_SIGN_STYLE = Automatic;
				DEVELOPMENT_TEAM = 7YGY6K636P;
				INFOPLIST_FILE = LiYangDemo/Info.plist;
				LD_RUNPATH_SEARCH_PATHS = (
					"$(inherited)",
					"@executable_path/Frameworks",
				);
				PRODUCT_BUNDLE_IDENTIFIER = com.zxsc.LiYangDemo;
				PRODUCT_NAME = "$(TARGET_NAME)";
				TARGETED_DEVICE_FAMILY = "1,2";
			};
			name = Release;
		};
		B910791520A022D800057300 /* Debug */ = {
			isa = XCBuildConfiguration;
			buildSettings = {
				BUNDLE_LOADER = "$(TEST_HOST)";
				CODE_SIGN_STYLE = Automatic;
				INFOPLIST_FILE = LiYangDemoTests/Info.plist;
				LD_RUNPATH_SEARCH_PATHS = (
					"$(inherited)",
					"@executable_path/Frameworks",
					"@loader_path/Frameworks",
				);
				PRODUCT_BUNDLE_IDENTIFIER = com.zxsc.LiYangDemoTests;
				PRODUCT_NAME = "$(TARGET_NAME)";
				TARGETED_DEVICE_FAMILY = "1,2";
				TEST_HOST = "$(BUILT_PRODUCTS_DIR)/LiYangDemo.app/LiYangDemo";
			};
			name = Debug;
		};
		B910791620A022D800057300 /* Release */ = {
			isa = XCBuildConfiguration;
			buildSettings = {
				BUNDLE_LOADER = "$(TEST_HOST)";
				CODE_SIGN_STYLE = Automatic;
				INFOPLIST_FILE = LiYangDemoTests/Info.plist;
				LD_RUNPATH_SEARCH_PATHS = (
					"$(inherited)",
					"@executable_path/Frameworks",
					"@loader_path/Frameworks",
				);
				PRODUCT_BUNDLE_IDENTIFIER = com.zxsc.LiYangDemoTests;
				PRODUCT_NAME = "$(TARGET_NAME)";
				TARGETED_DEVICE_FAMILY = "1,2";
				TEST_HOST = "$(BUILT_PRODUCTS_DIR)/LiYangDemo.app/LiYangDemo";
			};
			name = Release;
		};
		B910791820A022D800057300 /* Debug */ = {
			isa = XCBuildConfiguration;
			buildSettings = {
				CODE_SIGN_STYLE = Automatic;
				INFOPLIST_FILE = LiYangDemoUITests/Info.plist;
				LD_RUNPATH_SEARCH_PATHS = (
					"$(inherited)",
					"@executable_path/Frameworks",
					"@loader_path/Frameworks",
				);
				PRODUCT_BUNDLE_IDENTIFIER = com.zxsc.LiYangDemoUITests;
				PRODUCT_NAME = "$(TARGET_NAME)";
				TARGETED_DEVICE_FAMILY = "1,2";
				TEST_TARGET_NAME = LiYangDemo;
			};
			name = Debug;
		};
		B910791920A022D800057300 /* Release */ = {
			isa = XCBuildConfiguration;
			buildSettings = {
				CODE_SIGN_STYLE = Automatic;
				INFOPLIST_FILE = LiYangDemoUITests/Info.plist;
				LD_RUNPATH_SEARCH_PATHS = (
					"$(inherited)",
					"@executable_path/Frameworks",
					"@loader_path/Frameworks",
				);
				PRODUCT_BUNDLE_IDENTIFIER = com.zxsc.LiYangDemoUITests;
				PRODUCT_NAME = "$(TARGET_NAME)";
				TARGETED_DEVICE_FAMILY = "1,2";
				TEST_TARGET_NAME = LiYangDemo;
			};
			name = Release;
		};
/* End XCBuildConfiguration section */

/* Begin XCConfigurationList section */
		B91078E020A022D600057300 /* Build configuration list for PBXProject "LiYangDemo" */ = {
			isa = XCConfigurationList;
			buildConfigurations = (
				B910790F20A022D800057300 /* Debug */,
				B910791020A022D800057300 /* Release */,
			);
			defaultConfigurationIsVisible = 0;
			defaultConfigurationName = Release;
		};
		B910791120A022D800057300 /* Build configuration list for PBXNativeTarget "LiYangDemo" */ = {
			isa = XCConfigurationList;
			buildConfigurations = (
				B910791220A022D800057300 /* Debug */,
				B910791320A022D800057300 /* Release */,
			);
			defaultConfigurationIsVisible = 0;
			defaultConfigurationName = Release;
		};
		B910791420A022D800057300 /* Build configuration list for PBXNativeTarget "LiYangDemoTests" */ = {
			isa = XCConfigurationList;
			buildConfigurations = (
				B910791520A022D800057300 /* Debug */,
				B910791620A022D800057300 /* Release */,
			);
			defaultConfigurationIsVisible = 0;
			defaultConfigurationName = Release;
		};
		B910791720A022D800057300 /* Build configuration list for PBXNativeTarget "LiYangDemoUITests" */ = {
			isa = XCConfigurationList;
			buildConfigurations = (
				B910791820A022D800057300 /* Debug */,
				B910791920A022D800057300 /* Release */,
			);
			defaultConfigurationIsVisible = 0;
			defaultConfigurationName = Release;
		};
/* End XCConfigurationList section */
	};
	rootObject = B91078DD20A022D600057300 /* Project object */;
}
